
Microsoft Visual Studio Solution File, Format Version 12.00
# Visual Studio Version 17
VisualStudioVersion = 17.8.34525.116
MinimumVisualStudioVersion = 10.0.40219.1
Project("{FAE04EC0-301F-11D3-BF4B-00C04F79EFBC}") = "CoffeeTracker.StanimalTheMan.Server", "CoffeeTracker.StanimalTheMan.Server\CoffeeTracker.StanimalTheMan.Server.csproj", "{EF30A8BB-BB13-4286-825B-029E71A6751E}"
EndProject
Project("{54A90642-561A-4BB1-A94E-469ADEE60C69}") = "coffeetracker.stanimaltheman.client", "coffeetracker.stanimaltheman.client\coffeetracker.stanimaltheman.client.esproj", "{63480791-8183-4D04-95A1-B361C0D3F3E8}"
EndProject
Global
	GlobalSection(SolutionConfigurationPlatforms) = preSolution
		Debug|Any CPU = Debug|Any CPU
		Release|Any CPU = Release|Any CPU
	EndGlobalSection
	GlobalSection(ProjectConfigurationPlatforms) = postSolution
		{EF30A8BB-BB13-4286-825B-029E71A6751E}.Debug|Any CPU.ActiveCfg = Debug|Any CPU
		{EF30A8BB-BB13-4286-825B-029E71A6751E}.Debug|Any CPU.Build.0 = Debug|Any CPU
		{EF30A8BB-BB13-4286-825B-029E71A6751E}.Release|Any CPU.ActiveCfg = Release|Any CPU
		{EF30A8BB-BB13-4286-825B-029E71A6751E}.Release|Any CPU.Build.0 = Release|Any CPU
		{63480791-8183-4D04-95A1-B361C0D3F3E8}.Debug|Any CPU.ActiveCfg = Debug|Any CPU
		{63480791-8183-4D04-95A1-B361C0D3F3E8}.Debug|Any CPU.Build.0 = Debug|Any CPU
		{63480791-8183-4D04-95A1-B361C0D3F3E8}.Debug|Any CPU.Deploy.0 = Debug|Any CPU
		{63480791-8183-4D04-95A1-B361C0D3F3E8}.Release|Any CPU.ActiveCfg = Release|Any CPU
		{63480791-8183-4D04-95A1-B361C0D3F3E8}.Release|Any CPU.Build.0 = Release|Any CPU
		{63480791-8183-4D04-95A1-B361C0D3F3E8}.Release|Any CPU.Deploy.0 = Release|Any CPU
	EndGlobalSection
	GlobalSection(SolutionProperties) = preSolution
		HideSolutionNode = FALSE
	EndGlobalSection
	GlobalSection(ExtensibilityGlobals) = postSolution
		SolutionGuid = {39E25823-6F03-4392-B21C-477F092B10BA}
	EndGlobalSection
EndGlobal
